// !$*UTF8*$!
{
	archiveVersion = 1;
	classes = {
	};
	objectVersion = 56;
	objects = {

/* Begin PBXBuildFile section */
		651A7D2D29A0C78500EAB727 /* ConvertService.swift in Sources */ = {isa = PBXBuildFile; fileRef = 651A7D2C29A0C78500EAB727 /* ConvertService.swift */; };
		651A7D2F29A0CB8900EAB727 /* PDFPreviewNavigationBar.swift in Sources */ = {isa = PBXBuildFile; fileRef = 651A7D2E29A0CB8900EAB727 /* PDFPreviewNavigationBar.swift */; };
		651A7D3129A0CBE500EAB727 /* UIImage+MergeWith.swift in Sources */ = {isa = PBXBuildFile; fileRef = 651A7D3029A0CBE500EAB727 /* UIImage+MergeWith.swift */; };
		651A7D3429A0CD0D00EAB727 /* PDFEditorView.swift in Sources */ = {isa = PBXBuildFile; fileRef = 651A7D3329A0CD0D00EAB727 /* PDFEditorView.swift */; };
		651A7D3829A0CD5E00EAB727 /* PDFEditCanvasView.swift in Sources */ = {isa = PBXBuildFile; fileRef = 651A7D3729A0CD5E00EAB727 /* PDFEditCanvasView.swift */; };
		651A7D3B29A0CDA700EAB727 /* CanvasCoordinator.swift in Sources */ = {isa = PBXBuildFile; fileRef = 651A7D3A29A0CDA700EAB727 /* CanvasCoordinator.swift */; };
		6591C52D29A23A74006B8259 /* ExtractService.swift in Sources */ = {isa = PBXBuildFile; fileRef = 6591C52C29A23A74006B8259 /* ExtractService.swift */; };
		65ACBDA7299E7CD7002D324C /* PDF_Scanner_Prototype_2App.swift in Sources */ = {isa = PBXBuildFile; fileRef = 65ACBDA6299E7CD7002D324C /* PDF_Scanner_Prototype_2App.swift */; };
		65ACBDA9299E7CD7002D324C /* GalleryView.swift in Sources */ = {isa = PBXBuildFile; fileRef = 65ACBDA8299E7CD7002D324C /* GalleryView.swift */; };
		65ACBDAB299E7CD8002D324C /* Assets.xcassets in Resources */ = {isa = PBXBuildFile; fileRef = 65ACBDAA299E7CD8002D324C /* Assets.xcassets */; };
		65ACBDAE299E7CD8002D324C /* Preview Assets.xcassets in Resources */ = {isa = PBXBuildFile; fileRef = 65ACBDAD299E7CD8002D324C /* Preview Assets.xcassets */; };
		65ACBDB5299E7E6E002D324C /* ScannerView.swift in Sources */ = {isa = PBXBuildFile; fileRef = 65ACBDB4299E7E6E002D324C /* ScannerView.swift */; };
		65ACBDB8299E83EC002D324C /* ScannerModel.swift in Sources */ = {isa = PBXBuildFile; fileRef = 65ACBDB7299E83EB002D324C /* ScannerModel.swift */; };
		65ACBDBA299E8468002D324C /* FilesService.swift in Sources */ = {isa = PBXBuildFile; fileRef = 65ACBDB9299E8468002D324C /* FilesService.swift */; };
		65ACBDBC299E84D1002D324C /* ScannerModel+VNDocumentCameraViewControllerDelegate.swift in Sources */ = {isa = PBXBuildFile; fileRef = 65ACBDBB299E84D1002D324C /* ScannerModel+VNDocumentCameraViewControllerDelegate.swift */; };
		65ACBDBE299E87A7002D324C /* PDFWrapperView.swift in Sources */ = {isa = PBXBuildFile; fileRef = 65ACBDBD299E87A7002D324C /* PDFWrapperView.swift */; };
		65ACBDC0299E8805002D324C /* ShareActivityViewController.swift in Sources */ = {isa = PBXBuildFile; fileRef = 65ACBDBF299E8805002D324C /* ShareActivityViewController.swift */; };
		65ACBDC9299E89A7002D324C /* Constants.swift in Sources */ = {isa = PBXBuildFile; fileRef = 65ACBDC8299E89A7002D324C /* Constants.swift */; };
		65ACBDCB299E8D0D002D324C /* PDFPreviewView.swift in Sources */ = {isa = PBXBuildFile; fileRef = 65ACBDCA299E8D0D002D324C /* PDFPreviewView.swift */; };
		65ACBDCE299E900F002D324C /* GalleryView+Grid.swift in Sources */ = {isa = PBXBuildFile; fileRef = 65ACBDCD299E900F002D324C /* GalleryView+Grid.swift */; };
/* End PBXBuildFile section */

/* Begin PBXFileReference section */
		651A7D2C29A0C78500EAB727 /* ConvertService.swift */ = {isa = PBXFileReference; lastKnownFileType = sourcecode.swift; path = ConvertService.swift; sourceTree = "<group>"; };
		651A7D2E29A0CB8900EAB727 /* PDFPreviewNavigationBar.swift */ = {isa = PBXFileReference; lastKnownFileType = sourcecode.swift; path = PDFPreviewNavigationBar.swift; sourceTree = "<group>"; };
		651A7D3029A0CBE500EAB727 /* UIImage+MergeWith.swift */ = {isa = PBXFileReference; lastKnownFileType = sourcecode.swift; path = "UIImage+MergeWith.swift"; sourceTree = "<group>"; };
		651A7D3329A0CD0D00EAB727 /* PDFEditorView.swift */ = {isa = PBXFileReference; lastKnownFileType = sourcecode.swift; path = PDFEditorView.swift; sourceTree = "<group>"; };
		651A7D3729A0CD5E00EAB727 /* PDFEditCanvasView.swift */ = {isa = PBXFileReference; lastKnownFileType = sourcecode.swift; path = PDFEditCanvasView.swift; sourceTree = "<group>"; };
		651A7D3A29A0CDA700EAB727 /* CanvasCoordinator.swift */ = {isa = PBXFileReference; lastKnownFileType = sourcecode.swift; path = CanvasCoordinator.swift; sourceTree = "<group>"; };
		6591C52C29A23A74006B8259 /* ExtractService.swift */ = {isa = PBXFileReference; lastKnownFileType = sourcecode.swift; path = ExtractService.swift; sourceTree = "<group>"; };
		65ACBDA3299E7CD7002D324C /* PDF Scanner Prototype 2.app */ = {isa = PBXFileReference; explicitFileType = wrapper.application; includeInIndex = 0; path = "PDF Scanner Prototype 2.app"; sourceTree = BUILT_PRODUCTS_DIR; };
		65ACBDA6299E7CD7002D324C /* PDF_Scanner_Prototype_2App.swift */ = {isa = PBXFileReference; lastKnownFileType = sourcecode.swift; path = PDF_Scanner_Prototype_2App.swift; sourceTree = "<group>"; };
		65ACBDA8299E7CD7002D324C /* GalleryView.swift */ = {isa = PBXFileReference; lastKnownFileType = sourcecode.swift; path = GalleryView.swift; sourceTree = "<group>"; };
		65ACBDAA299E7CD8002D324C /* Assets.xcassets */ = {isa = PBXFileReference; lastKnownFileType = folder.assetcatalog; path = Assets.xcassets; sourceTree = "<group>"; };
		65ACBDAD299E7CD8002D324C /* Preview Assets.xcassets */ = {isa = PBXFileReference; lastKnownFileType = folder.assetcatalog; path = "Preview Assets.xcassets"; sourceTree = "<group>"; };
		65ACBDB4299E7E6E002D324C /* ScannerView.swift */ = {isa = PBXFileReference; lastKnownFileType = sourcecode.swift; path = ScannerView.swift; sourceTree = "<group>"; };
		65ACBDB7299E83EB002D324C /* ScannerModel.swift */ = {isa = PBXFileReference; lastKnownFileType = sourcecode.swift; path = ScannerModel.swift; sourceTree = "<group>"; };
		65ACBDB9299E8468002D324C /* FilesService.swift */ = {isa = PBXFileReference; lastKnownFileType = sourcecode.swift; path = FilesService.swift; sourceTree = "<group>"; };
		65ACBDBB299E84D1002D324C /* ScannerModel+VNDocumentCameraViewControllerDelegate.swift */ = {isa = PBXFileReference; lastKnownFileType = sourcecode.swift; path = "ScannerModel+VNDocumentCameraViewControllerDelegate.swift"; sourceTree = "<group>"; };
		65ACBDBD299E87A7002D324C /* PDFWrapperView.swift */ = {isa = PBXFileReference; lastKnownFileType = sourcecode.swift; path = PDFWrapperView.swift; sourceTree = "<group>"; };
		65ACBDBF299E8805002D324C /* ShareActivityViewController.swift */ = {isa = PBXFileReference; lastKnownFileType = sourcecode.swift; path = ShareActivityViewController.swift; sourceTree = "<group>"; };
		65ACBDC8299E89A7002D324C /* Constants.swift */ = {isa = PBXFileReference; lastKnownFileType = sourcecode.swift; path = Constants.swift; sourceTree = "<group>"; };
		65ACBDCA299E8D0D002D324C /* PDFPreviewView.swift */ = {isa = PBXFileReference; lastKnownFileType = sourcecode.swift; path = PDFPreviewView.swift; sourceTree = "<group>"; };
		65ACBDCD299E900F002D324C /* GalleryView+Grid.swift */ = {isa = PBXFileReference; lastKnownFileType = sourcecode.swift; path = "GalleryView+Grid.swift"; sourceTree = "<group>"; };
/* End PBXFileReference section */

/* Begin PBXFrameworksBuildPhase section */
		65ACBDA0299E7CD7002D324C /* Frameworks */ = {
			isa = PBXFrameworksBuildPhase;
			buildActionMask = 2147483647;
			files = (
			);
			runOnlyForDeploymentPostprocessing = 0;
		};
/* End PBXFrameworksBuildPhase section */

/* Begin PBXGroup section */
		651A7D3229A0CCAF00EAB727 /* Preview */ = {
			isa = PBXGroup;
			children = (
				65ACBDCA299E8D0D002D324C /* PDFPreviewView.swift */,
				651A7D3D29A0DDC200EAB727 /* ViewDatas */,
				651A7D3529A0CD4000EAB727 /* Views */,
			);
			path = Preview;
			sourceTree = "<group>";
		};
		651A7D3529A0CD4000EAB727 /* Views */ = {
			isa = PBXGroup;
			children = (
				651A7D2E29A0CB8900EAB727 /* PDFPreviewNavigationBar.swift */,
				65ACBDBD299E87A7002D324C /* PDFWrapperView.swift */,
			);
			path = Views;
			sourceTree = "<group>";
		};
		651A7D3629A0CD4800EAB727 /* Editor */ = {
			isa = PBXGroup;
			children = (
				651A7D3329A0CD0D00EAB727 /* PDFEditorView.swift */,
				651A7D3C29A0CDCC00EAB727 /* ViewDatas */,
				651A7D3929A0CD9F00EAB727 /* Views */,
			);
			path = Editor;
			sourceTree = "<group>";
		};
		651A7D3929A0CD9F00EAB727 /* Views */ = {
			isa = PBXGroup;
			children = (
				651A7D3729A0CD5E00EAB727 /* PDFEditCanvasView.swift */,
			);
			path = Views;
			sourceTree = "<group>";
		};
		651A7D3C29A0CDCC00EAB727 /* ViewDatas */ = {
			isa = PBXGroup;
			children = (
				651A7D3A29A0CDA700EAB727 /* CanvasCoordinator.swift */,
			);
			path = ViewDatas;
			sourceTree = "<group>";
		};
		651A7D3D29A0DDC200EAB727 /* ViewDatas */ = {
			isa = PBXGroup;
			children = (
				65ACBDBF299E8805002D324C /* ShareActivityViewController.swift */,
			);
			path = ViewDatas;
			sourceTree = "<group>";
		};
		65ACBD9A299E7CD7002D324C = {
			isa = PBXGroup;
			children = (
				65ACBDA5299E7CD7002D324C /* PDF Scanner Prototype 2 */,
				65ACBDA4299E7CD7002D324C /* Products */,
			);
			sourceTree = "<group>";
		};
		65ACBDA4299E7CD7002D324C /* Products */ = {
			isa = PBXGroup;
			children = (
				65ACBDA3299E7CD7002D324C /* PDF Scanner Prototype 2.app */,
			);
			name = Products;
			sourceTree = "<group>";
		};
		65ACBDA5299E7CD7002D324C /* PDF Scanner Prototype 2 */ = {
			isa = PBXGroup;
			children = (
				65ACBDAC299E7CD8002D324C /* Preview Content */,
				65ACBDC3299E8877002D324C /* Extensions */,
				65ACBDB6299E833D002D324C /* Resources */,
				65ACBDC4299E8895002D324C /* Services */,
				65ACBDC1299E885C002D324C /* Startup */,
				65ACBDC6299E891B002D324C /* UserStories */,
			);
			path = "PDF Scanner Prototype 2";
			sourceTree = "<group>";
		};
		65ACBDAC299E7CD8002D324C /* Preview Content */ = {
			isa = PBXGroup;
			children = (
				65ACBDAD299E7CD8002D324C /* Preview Assets.xcassets */,
			);
			path = "Preview Content";
			sourceTree = "<group>";
		};
		65ACBDB6299E833D002D324C /* Resources */ = {
			isa = PBXGroup;
			children = (
				65ACBDC8299E89A7002D324C /* Constants.swift */,
				65ACBDAA299E7CD8002D324C /* Assets.xcassets */,
			);
			path = Resources;
			sourceTree = "<group>";
		};
		65ACBDC1299E885C002D324C /* Startup */ = {
			isa = PBXGroup;
			children = (
				65ACBDA6299E7CD7002D324C /* PDF_Scanner_Prototype_2App.swift */,
			);
			path = Startup;
			sourceTree = "<group>";
		};
		65ACBDC2299E8866002D324C /* Gallery */ = {
			isa = PBXGroup;
			children = (
				65ACBDA8299E7CD7002D324C /* GalleryView.swift */,
			);
			path = Gallery;
			sourceTree = "<group>";
		};
		65ACBDC3299E8877002D324C /* Extensions */ = {
			isa = PBXGroup;
			children = (
				65ACBDBB299E84D1002D324C /* ScannerModel+VNDocumentCameraViewControllerDelegate.swift */,
				65ACBDCD299E900F002D324C /* GalleryView+Grid.swift */,
				651A7D3029A0CBE500EAB727 /* UIImage+MergeWith.swift */,
			);
			path = Extensions;
			sourceTree = "<group>";
		};
		65ACBDC4299E8895002D324C /* Services */ = {
			isa = PBXGroup;
			children = (
				65ACBDB9299E8468002D324C /* FilesService.swift */,
				651A7D2C29A0C78500EAB727 /* ConvertService.swift */,
				6591C52C29A23A74006B8259 /* ExtractService.swift */,
			);
			path = Services;
			sourceTree = "<group>";
		};
		65ACBDC5299E88D5002D324C /* Scanner */ = {
			isa = PBXGroup;
			children = (
				65ACBDB7299E83EB002D324C /* ScannerModel.swift */,
				65ACBDB4299E7E6E002D324C /* ScannerView.swift */,
			);
			path = Scanner;
			sourceTree = "<group>";
		};
		65ACBDC6299E891B002D324C /* UserStories */ = {
			isa = PBXGroup;
			children = (
				65ACBDC2299E8866002D324C /* Gallery */,
				65ACBDC5299E88D5002D324C /* Scanner */,
				651A7D3229A0CCAF00EAB727 /* Preview */,
				651A7D3629A0CD4800EAB727 /* Editor */,
			);
			path = UserStories;
			sourceTree = "<group>";
		};
/* End PBXGroup section */

/* Begin PBXNativeTarget section */
		65ACBDA2299E7CD7002D324C /* PDF Scanner Prototype 2 */ = {
			isa = PBXNativeTarget;
			buildConfigurationList = 65ACBDB1299E7CD8002D324C /* Build configuration list for PBXNativeTarget "PDF Scanner Prototype 2" */;
			buildPhases = (
				65ACBD9F299E7CD7002D324C /* Sources */,
				65ACBDA0299E7CD7002D324C /* Frameworks */,
				65ACBDA1299E7CD7002D324C /* Resources */,
			);
			buildRules = (
			);
			dependencies = (
			);
			name = "PDF Scanner Prototype 2";
			productName = "PDF Scanner Prototype 2";
			productReference = 65ACBDA3299E7CD7002D324C /* PDF Scanner Prototype 2.app */;
			productType = "com.apple.product-type.application";
		};
/* End PBXNativeTarget section */

/* Begin PBXProject section */
		65ACBD9B299E7CD7002D324C /* Project object */ = {
			isa = PBXProject;
			attributes = {
				BuildIndependentTargetsInParallel = 1;
				LastSwiftUpdateCheck = 1420;
				LastUpgradeCheck = 1420;
				TargetAttributes = {
					65ACBDA2299E7CD7002D324C = {
						CreatedOnToolsVersion = 14.2;
					};
				};
			};
			buildConfigurationList = 65ACBD9E299E7CD7002D324C /* Build configuration list for PBXProject "PDF Scanner Prototype 2" */;
			compatibilityVersion = "Xcode 14.0";
			developmentRegion = en;
			hasScannedForEncodings = 0;
			knownRegions = (
				en,
				Base,
			);
			mainGroup = 65ACBD9A299E7CD7002D324C;
			productRefGroup = 65ACBDA4299E7CD7002D324C /* Products */;
			projectDirPath = "";
			projectRoot = "";
			targets = (
				65ACBDA2299E7CD7002D324C /* PDF Scanner Prototype 2 */,
			);
		};
/* End PBXProject section */

/* Begin PBXResourcesBuildPhase section */
		65ACBDA1299E7CD7002D324C /* Resources */ = {
			isa = PBXResourcesBuildPhase;
			buildActionMask = 2147483647;
			files = (
				65ACBDAE299E7CD8002D324C /* Preview Assets.xcassets in Resources */,
				65ACBDAB299E7CD8002D324C /* Assets.xcassets in Resources */,
			);
			runOnlyForDeploymentPostprocessing = 0;
		};
/* End PBXResourcesBuildPhase section */

/* Begin PBXSourcesBuildPhase section */
		65ACBD9F299E7CD7002D324C /* Sources */ = {
			isa = PBXSourcesBuildPhase;
			buildActionMask = 2147483647;
			files = (
				651A7D3129A0CBE500EAB727 /* UIImage+MergeWith.swift in Sources */,
				6591C52D29A23A74006B8259 /* ExtractService.swift in Sources */,
				65ACBDBC299E84D1002D324C /* ScannerModel+VNDocumentCameraViewControllerDelegate.swift in Sources */,
				65ACBDC0299E8805002D324C /* ShareActivityViewController.swift in Sources */,
				65ACBDB8299E83EC002D324C /* ScannerModel.swift in Sources */,
				65ACBDCB299E8D0D002D324C /* PDFPreviewView.swift in Sources */,
				65ACBDB5299E7E6E002D324C /* ScannerView.swift in Sources */,
				651A7D2D29A0C78500EAB727 /* ConvertService.swift in Sources */,
				65ACBDCE299E900F002D324C /* GalleryView+Grid.swift in Sources */,
				65ACBDA9299E7CD7002D324C /* GalleryView.swift in Sources */,
				651A7D3829A0CD5E00EAB727 /* PDFEditCanvasView.swift in Sources */,
				65ACBDBA299E8468002D324C /* FilesService.swift in Sources */,
				65ACBDA7299E7CD7002D324C /* PDF_Scanner_Prototype_2App.swift in Sources */,
				65ACBDBE299E87A7002D324C /* PDFWrapperView.swift in Sources */,
				651A7D3B29A0CDA700EAB727 /* CanvasCoordinator.swift in Sources */,
				651A7D3429A0CD0D00EAB727 /* PDFEditorView.swift in Sources */,
				651A7D2F29A0CB8900EAB727 /* PDFPreviewNavigationBar.swift in Sources */,
				65ACBDC9299E89A7002D324C /* Constants.swift in Sources */,
			);
			runOnlyForDeploymentPostprocessing = 0;
		};
/* End PBXSourcesBuildPhase section */

/* Begin XCBuildConfiguration section */
		65ACBDAF299E7CD8002D324C /* Debug */ = {
			isa = XCBuildConfiguration;
			buildSettings = {
				ALWAYS_SEARCH_USER_PATHS = NO;
				CLANG_ANALYZER_NONNULL = YES;
				CLANG_ANALYZER_NUMBER_OBJECT_CONVERSION = YES_AGGRESSIVE;
				CLANG_CXX_LANGUAGE_STANDARD = "gnu++20";
				CLANG_ENABLE_MODULES = YES;
				CLANG_ENABLE_OBJC_ARC = YES;
				CLANG_ENABLE_OBJC_WEAK = YES;
				CLANG_WARN_BLOCK_CAPTURE_AUTORELEASING = YES;
				CLANG_WARN_BOOL_CONVERSION = YES;
				CLANG_WARN_COMMA = YES;
				CLANG_WARN_CONSTANT_CONVERSION = YES;
				CLANG_WARN_DEPRECATED_OBJC_IMPLEMENTATIONS = YES;
				CLANG_WARN_DIRECT_OBJC_ISA_USAGE = YES_ERROR;
				CLANG_WARN_DOCUMENTATION_COMMENTS = YES;
				CLANG_WARN_EMPTY_BODY = YES;
				CLANG_WARN_ENUM_CONVERSION = YES;
				CLANG_WARN_INFINITE_RECURSION = YES;
				CLANG_WARN_INT_CONVERSION = YES;
				CLANG_WARN_NON_LITERAL_NULL_CONVERSION = YES;
				CLANG_WARN_OBJC_IMPLICIT_RETAIN_SELF = YES;
				CLANG_WARN_OBJC_LITERAL_CONVERSION = YES;
				CLANG_WARN_OBJC_ROOT_CLASS = YES_ERROR;
				CLANG_WARN_QUOTED_INCLUDE_IN_FRAMEWORK_HEADER = YES;
				CLANG_WARN_RANGE_LOOP_ANALYSIS = YES;
				CLANG_WARN_STRICT_PROTOTYPES = YES;
				CLANG_WARN_SUSPICIOUS_MOVE = YES;
				CLANG_WARN_UNGUARDED_AVAILABILITY = YES_AGGRESSIVE;
				CLANG_WARN_UNREACHABLE_CODE = YES;
				CLANG_WARN__DUPLICATE_METHOD_MATCH = YES;
				COPY_PHASE_STRIP = NO;
				DEBUG_INFORMATION_FORMAT = dwarf;
				ENABLE_STRICT_OBJC_MSGSEND = YES;
				ENABLE_TESTABILITY = YES;
				GCC_C_LANGUAGE_STANDARD = gnu11;
				GCC_DYNAMIC_NO_PIC = NO;
				GCC_NO_COMMON_BLOCKS = YES;
				GCC_OPTIMIZATION_LEVEL = 0;
				GCC_PREPROCESSOR_DEFINITIONS = (
					"DEBUG=1",
					"$(inherited)",
				);
				GCC_WARN_64_TO_32_BIT_CONVERSION = YES;
				GCC_WARN_ABOUT_RETURN_TYPE = YES_ERROR;
				GCC_WARN_UNDECLARED_SELECTOR = YES;
				GCC_WARN_UNINITIALIZED_AUTOS = YES_AGGRESSIVE;
				GCC_WARN_UNUSED_FUNCTION = YES;
				GCC_WARN_UNUSED_VARIABLE = YES;
				IPHONEOS_DEPLOYMENT_TARGET = 16.2;
				MTL_ENABLE_DEBUG_INFO = INCLUDE_SOURCE;
				MTL_FAST_MATH = YES;
				ONLY_ACTIVE_ARCH = YES;
				SDKROOT = iphoneos;
				SWIFT_ACTIVE_COMPILATION_CONDITIONS = DEBUG;
				SWIFT_OPTIMIZATION_LEVEL = "-Onone";
			};
			name = Debug;
		};
		65ACBDB0299E7CD8002D324C /* Release */ = {
			isa = XCBuildConfiguration;
			buildSettings = {
				ALWAYS_SEARCH_USER_PATHS = NO;
				CLANG_ANALYZER_NONNULL = YES;
				CLANG_ANALYZER_NUMBER_OBJECT_CONVERSION = YES_AGGRESSIVE;
				CLANG_CXX_LANGUAGE_STANDARD = "gnu++20";
				CLANG_ENABLE_MODULES = YES;
				CLANG_ENABLE_OBJC_ARC = YES;
				CLANG_ENABLE_OBJC_WEAK = YES;
				CLANG_WARN_BLOCK_CAPTURE_AUTORELEASING = YES;
				CLANG_WARN_BOOL_CONVERSION = YES;
				CLANG_WARN_COMMA = YES;
				CLANG_WARN_CONSTANT_CONVERSION = YES;
				CLANG_WARN_DEPRECATED_OBJC_IMPLEMENTATIONS = YES;
				CLANG_WARN_DIRECT_OBJC_ISA_USAGE = YES_ERROR;
				CLANG_WARN_DOCUMENTATION_COMMENTS = YES;
				CLANG_WARN_EMPTY_BODY = YES;
				CLANG_WARN_ENUM_CONVERSION = YES;
				CLANG_WARN_INFINITE_RECURSION = YES;
				CLANG_WARN_INT_CONVERSION = YES;
				CLANG_WARN_NON_LITERAL_NULL_CONVERSION = YES;
				CLANG_WARN_OBJC_IMPLICIT_RETAIN_SELF = YES;
				CLANG_WARN_OBJC_LITERAL_CONVERSION = YES;
				CLANG_WARN_OBJC_ROOT_CLASS = YES_ERROR;
				CLANG_WARN_QUOTED_INCLUDE_IN_FRAMEWORK_HEADER = YES;
				CLANG_WARN_RANGE_LOOP_ANALYSIS = YES;
				CLANG_WARN_STRICT_PROTOTYPES = YES;
				CLANG_WARN_SUSPICIOUS_MOVE = YES;
				CLANG_WARN_UNGUARDED_AVAILABILITY = YES_AGGRESSIVE;
				CLANG_WARN_UNREACHABLE_CODE = YES;
				CLANG_WARN__DUPLICATE_METHOD_MATCH = YES;
				COPY_PHASE_STRIP = NO;
				DEBUG_INFORMATION_FORMAT = "dwarf-with-dsym";
				ENABLE_NS_ASSERTIONS = NO;
				ENABLE_STRICT_OBJC_MSGSEND = YES;
				GCC_C_LANGUAGE_STANDARD = gnu11;
				GCC_NO_COMMON_BLOCKS = YES;
				GCC_WARN_64_TO_32_BIT_CONVERSION = YES;
				GCC_WARN_ABOUT_RETURN_TYPE = YES_ERROR;
				GCC_WARN_UNDECLARED_SELECTOR = YES;
				GCC_WARN_UNINITIALIZED_AUTOS = YES_AGGRESSIVE;
				GCC_WARN_UNUSED_FUNCTION = YES;
				GCC_WARN_UNUSED_VARIABLE = YES;
				IPHONEOS_DEPLOYMENT_TARGET = 16.2;
				MTL_ENABLE_DEBUG_INFO = NO;
				MTL_FAST_MATH = YES;
				SDKROOT = iphoneos;
				SWIFT_COMPILATION_MODE = wholemodule;
				SWIFT_OPTIMIZATION_LEVEL = "-O";
				VALIDATE_PRODUCT = YES;
			};
			name = Release;
		};
		65ACBDB2299E7CD8002D324C /* Debug */ = {
			isa = XCBuildConfiguration;
			buildSettings = {
				ASSETCATALOG_COMPILER_APPICON_NAME = AppIcon;
				ASSETCATALOG_COMPILER_GLOBAL_ACCENT_COLOR_NAME = AccentColor;
				CODE_SIGN_STYLE = Automatic;
				CURRENT_PROJECT_VERSION = 1;
				DEVELOPMENT_ASSET_PATHS = "\"PDF Scanner Prototype 2/Preview Content\"";
				DEVELOPMENT_TEAM = 9D3QPUYX6Q;
				ENABLE_PREVIEWS = YES;
				GENERATE_INFOPLIST_FILE = YES;
				INFOPLIST_KEY_NSCameraUsageDescription = "📸 Allow PDF Scanner use your Camera to able scan documents";
				INFOPLIST_KEY_UIApplicationSceneManifest_Generation = YES;
				INFOPLIST_KEY_UIApplicationSupportsIndirectInputEvents = YES;
				INFOPLIST_KEY_UILaunchScreen_Generation = YES;
				INFOPLIST_KEY_UISupportedInterfaceOrientations = UIInterfaceOrientationPortrait;
				IPHONEOS_DEPLOYMENT_TARGET = 16.0;
				LD_RUNPATH_SEARCH_PATHS = (
					"$(inherited)",
					"@executable_path/Frameworks",
				);
				MARKETING_VERSION = 1.0;
				PRODUCT_BUNDLE_IDENTIFIER = "com.danieltvorun.pdf-scanner-prototype-2.PDF-Scanner-Prototype-2";
				PRODUCT_NAME = "$(TARGET_NAME)";
				SUPPORTED_PLATFORMS = "iphoneos iphonesimulator";
				SUPPORTS_MACCATALYST = NO;
				SUPPORTS_MAC_DESIGNED_FOR_IPHONE_IPAD = NO;
				SWIFT_EMIT_LOC_STRINGS = YES;
				SWIFT_VERSION = 5.0;
				TARGETED_DEVICE_FAMILY = "1,2";
			};
			name = Debug;
		};
		65ACBDB3299E7CD8002D324C /* Release */ = {
			isa = XCBuildConfiguration;
			buildSettings = {
				ASSETCATALOG_COMPILER_APPICON_NAME = AppIcon;
				ASSETCATALOG_COMPILER_GLOBAL_ACCENT_COLOR_NAME = AccentColor;
				CODE_SIGN_STYLE = Automatic;
				CURRENT_PROJECT_VERSION = 1;
				DEVELOPMENT_ASSET_PATHS = "\"PDF Scanner Prototype 2/Preview Content\"";
				DEVELOPMENT_TEAM = 9D3QPUYX6Q;
				ENABLE_PREVIEWS = YES;
				GENERATE_INFOPLIST_FILE = YES;
				INFOPLIST_KEY_NSCameraUsageDescription = "📸 Allow PDF Scanner use your Camera to able scan documents";
				INFOPLIST_KEY_UIApplicationSceneManifest_Generation = YES;
				INFOPLIST_KEY_UIApplicationSupportsIndirectInputEvents = YES;
				INFOPLIST_KEY_UILaunchScreen_Generation = YES;
				INFOPLIST_KEY_UISupportedInterfaceOrientations = UIInterfaceOrientationPortrait;
				IPHONEOS_DEPLOYMENT_TARGET = 16.0;
				LD_RUNPATH_SEARCH_PATHS = (
					"$(inherited)",
					"@executable_path/Frameworks",
				);
				MARKETING_VERSION = 1.0;
				PRODUCT_BUNDLE_IDENTIFIER = "com.danieltvorun.pdf-scanner-prototype-2.PDF-Scanner-Prototype-2";
				PRODUCT_NAME = "$(TARGET_NAME)";
				SUPPORTED_PLATFORMS = "iphoneos iphonesimulator";
				SUPPORTS_MACCATALYST = NO;
				SUPPORTS_MAC_DESIGNED_FOR_IPHONE_IPAD = NO;
				SWIFT_EMIT_LOC_STRINGS = YES;
				SWIFT_VERSION = 5.0;
				TARGETED_DEVICE_FAMILY = "1,2";
			};
			name = Release;
		};
/* End XCBuildConfiguration section */

/* Begin XCConfigurationList section */
		65ACBD9E299E7CD7002D324C /* Build configuration list for PBXProject "PDF Scanner Prototype 2" */ = {
			isa = XCConfigurationList;
			buildConfigurations = (
				65ACBDAF299E7CD8002D324C /* Debug */,
				65ACBDB0299E7CD8002D324C /* Release */,
			);
			defaultConfigurationIsVisible = 0;
			defaultConfigurationName = Release;
		};
		65ACBDB1299E7CD8002D324C /* Build configuration list for PBXNativeTarget "PDF Scanner Prototype 2" */ = {
			isa = XCConfigurationList;
			buildConfigurations = (
				65ACBDB2299E7CD8002D324C /* Debug */,
				65ACBDB3299E7CD8002D324C /* Release */,
			);
			defaultConfigurationIsVisible = 0;
			defaultConfigurationName = Release;
		};
/* End XCConfigurationList section */
	};
	rootObject = 65ACBD9B299E7CD7002D324C /* Project object */;
}
